{
  "name": "planner",
  "version": "1.0.0",
  "lockfileVersion": 1,
  "requires": true,
  "dependencies": {
    "es6-promise": {
      "version": "4.2.4",
      "resolved": "https://registry.npmjs.org/es6-promise/-/es6-promise-4.2.4.tgz",
      "integrity": "sha512-/NdNZVJg+uZgtm9eS3O6lrOLYmQag2DjdEXuPaHlZ6RuVqgqaVZfgYCepEIKsLqwdQArOPtC3XzRLqGGfT8KQQ=="
    },
    "vue-fullcalendar": {
      "version": "1.0.9",
      "resolved": "https://registry.npmjs.org/vue-fullcalendar/-/vue-fullcalendar-1.0.9.tgz",
      "integrity": "sha1-qFO7JZRiUid1M7mZTvUDz6ywEjM=",
      "requires": {
        "es6-promise": "4.2.4",
        "vue": "2.5.16",
        "vue-fullcalendar": "1.0.9"
      },
      "dependencies": {
        "vue": {
          "version": "2.5.16",
          "resolved": "https://registry.npmjs.org/vue/-/vue-2.5.16.tgz",
          "integrity": "sha512-/ffmsiVuPC8PsWcFkZngdpas19ABm5mh2wA7iDqcltyCTwlgZjHGeJYOXkBMo422iPwIcviOtrTCUpSfXmToLQ=="
        }
      }
    }
  }
}
